
Microsoft Visual Studio Solution File, Format Version 12.00
# Visual Studio 15
VisualStudioVersion = 15.0.28010.2026
MinimumVisualStudioVersion = 10.0.40219.1
Project("{FAE04EC0-301F-11D3-BF4B-00C04F79EFBC}") = "COMP123-S2019-Lesson10C", "COMP123-S2019-Lesson10C\COMP123-S2019-Lesson10C.csproj", "{88EFA874-BF95-429B-AA2A-E746E6D41874}"
EndProject
Global
	GlobalSection(SolutionConfigurationPlatforms) = preSolution
		Debug|Any CPU = Debug|Any CPU
		Release|Any CPU = Release|Any CPU
	EndGlobalSection
	GlobalSection(ProjectConfigurationPlatforms) = postSolution
		{88EFA874-BF95-429B-AA2A-E746E6D41874}.Debug|Any CPU.ActiveCfg = Debug|Any CPU
		{88EFA874-BF95-429B-AA2A-E746E6D41874}.Debug|Any CPU.Build.0 = Debug|Any CPU
		{88EFA874-BF95-429B-AA2A-E746E6D41874}.Release|Any CPU.ActiveCfg = Release|Any CPU
		{88EFA874-BF95-429B-AA2A-E746E6D41874}.Release|Any CPU.Build.0 = Release|Any CPU
	EndGlobalSection
	GlobalSection(SolutionProperties) = preSolution
		HideSolutionNode = FALSE
	EndGlobalSection
	GlobalSection(ExtensibilityGlobals) = postSolution
		SolutionGuid = {EC7BA7D5-DF7E-4C98-8F72-96ABC66F71B1}
	EndGlobalSection
EndGlobal
